{
  "sources": {
    "rsc_activemq": {
      "path": "."
    },
    "apt": {
      "locked_version": "2.6.0"
    },
    "yum-epel": {
      "locked_version": "0.4.0"
    },
    "activemq": {
      "locked_version": "1.3.2"
    },
    "java": {
      "locked_version": "1.29.0"
    },
    "yum": {
      "locked_version": "3.3.2"
    }
  }
}
